
Microsoft Visual Studio Solution File, Format Version 12.00
# Visual Studio Version 16
VisualStudioVersion = 16.0.32126.315
MinimumVisualStudioVersion = 10.0.40219.1
Project("{FAE04EC0-301F-11D3-BF4B-00C04F79EFBC}") = "Gestion Produit MVC", "Gestion Produit MVC\Gestion Produit MVC.csproj", "{4418A542-14BA-48D5-A597-FE4A82C4EEA9}"
EndProject
Global
	GlobalSection(SolutionConfigurationPlatforms) = preSolution
		Debug|Any CPU = Debug|Any CPU
		Release|Any CPU = Release|Any CPU
	EndGlobalSection
	GlobalSection(ProjectConfigurationPlatforms) = postSolution
		{4418A542-14BA-48D5-A597-FE4A82C4EEA9}.Debug|Any CPU.ActiveCfg = Debug|Any CPU
		{4418A542-14BA-48D5-A597-FE4A82C4EEA9}.Debug|Any CPU.Build.0 = Debug|Any CPU
		{4418A542-14BA-48D5-A597-FE4A82C4EEA9}.Release|Any CPU.ActiveCfg = Release|Any CPU
		{4418A542-14BA-48D5-A597-FE4A82C4EEA9}.Release|Any CPU.Build.0 = Release|Any CPU
	EndGlobalSection
	GlobalSection(SolutionProperties) = preSolution
		HideSolutionNode = FALSE
	EndGlobalSection
	GlobalSection(ExtensibilityGlobals) = postSolution
		SolutionGuid = {6DD29083-4CB4-479F-B3F2-9002F35DD43E}
	EndGlobalSection
EndGlobal
